
Microsoft Visual Studio Solution File, Format Version 12.00
# Visual Studio 15
VisualStudioVersion = 15.0.28307.329
MinimumVisualStudioVersion = 10.0.40219.1
Project("{FAE04EC0-301F-11D3-BF4B-00C04F79EFBC}") = "SlackPurge.Android", "SlackPurge\SlackPurge.Android\SlackPurge.Android.csproj", "{70B1E8EF-1383-42BD-8855-0EC9D38D0E9A}"
EndProject
Project("{FAE04EC0-301F-11D3-BF4B-00C04F79EFBC}") = "SlackPurge.iOS", "SlackPurge\SlackPurge.iOS\SlackPurge.iOS.csproj", "{AE797B9C-0A60-4605-8DD4-48B8AB68BD8A}"
EndProject
Project("{FAE04EC0-301F-11D3-BF4B-00C04F79EFBC}") = "SlackPurge.UWP", "SlackPurge\SlackPurge.UWP\SlackPurge.UWP.csproj", "{FDD51207-49AC-4C68-8342-2D62A04F8874}"
EndProject
Project("{FAE04EC0-301F-11D3-BF4B-00C04F79EFBC}") = "SlackPurge", "SlackPurge\SlackPurge\SlackPurge.csproj", "{53F82C80-8BF7-4EE1-A68E-B6C7FE79EC4E}"
EndProject
Global
	GlobalSection(SolutionConfigurationPlatforms) = preSolution
		Ad-Hoc|Any CPU = Ad-Hoc|Any CPU
		Ad-Hoc|ARM = Ad-Hoc|ARM
		Ad-Hoc|iPhone = Ad-Hoc|iPhone
		Ad-Hoc|iPhoneSimulator = Ad-Hoc|iPhoneSimulator
		Ad-Hoc|x64 = Ad-Hoc|x64
		Ad-Hoc|x86 = Ad-Hoc|x86
		AppStore|Any CPU = AppStore|Any CPU
		AppStore|ARM = AppStore|ARM
		AppStore|iPhone = AppStore|iPhone
		AppStore|iPhoneSimulator = AppStore|iPhoneSimulator
		AppStore|x64 = AppStore|x64
		AppStore|x86 = AppStore|x86
		Debug|Any CPU = Debug|Any CPU
		Debug|ARM = Debug|ARM
		Debug|iPhone = Debug|iPhone
		Debug|iPhoneSimulator = Debug|iPhoneSimulator
		Debug|x64 = Debug|x64
		Debug|x86 = Debug|x86
		Release|Any CPU = Release|Any CPU
		Release|ARM = Release|ARM
		Release|iPhone = Release|iPhone
		Release|iPhoneSimulator = Release|iPhoneSimulator
		Release|x64 = Release|x64
		Release|x86 = Release|x86
	EndGlobalSection
	GlobalSection(ProjectConfigurationPlatforms) = postSolution
		{70B1E8EF-1383-42BD-8855-0EC9D38D0E9A}.Ad-Hoc|Any CPU.ActiveCfg = Release|Any CPU
		{70B1E8EF-1383-42BD-8855-0EC9D38D0E9A}.Ad-Hoc|Any CPU.Build.0 = Release|Any CPU
		{70B1E8EF-1383-42BD-8855-0EC9D38D0E9A}.Ad-Hoc|Any CPU.Deploy.0 = Release|Any CPU
		{70B1E8EF-1383-42BD-8855-0EC9D38D0E9A}.Ad-Hoc|ARM.ActiveCfg = Release|Any CPU
		{70B1E8EF-1383-42BD-8855-0EC9D38D0E9A}.Ad-Hoc|ARM.Build.0 = Release|Any CPU
		{70B1E8EF-1383-42BD-8855-0EC9D38D0E9A}.Ad-Hoc|ARM.Deploy.0 = Release|Any CPU
		{70B1E8EF-1383-42BD-8855-0EC9D38D0E9A}.Ad-Hoc|iPhone.ActiveCfg = Release|Any CPU
		{70B1E8EF-1383-42BD-8855-0EC9D38D0E9A}.Ad-Hoc|iPhone.Build.0 = Release|Any CPU
		{70B1E8EF-1383-42BD-8855-0EC9D38D0E9A}.Ad-Hoc|iPhone.Deploy.0 = Release|Any CPU
		{70B1E8EF-1383-42BD-8855-0EC9D38D0E9A}.Ad-Hoc|iPhoneSimulator.ActiveCfg = Release|Any CPU
		{70B1E8EF-1383-42BD-8855-0EC9D38D0E9A}.Ad-Hoc|iPhoneSimulator.Build.0 = Release|Any CPU
		{70B1E8EF-1383-42BD-8855-0EC9D38D0E9A}.Ad-Hoc|iPhoneSimulator.Deploy.0 = Release|Any CPU
		{70B1E8EF-1383-42BD-8855-0EC9D38D0E9A}.Ad-Hoc|x64.ActiveCfg = Release|Any CPU
		{70B1E8EF-1383-42BD-8855-0EC9D38D0E9A}.Ad-Hoc|x64.Build.0 = Release|Any CPU
		{70B1E8EF-1383-42BD-8855-0EC9D38D0E9A}.Ad-Hoc|x64.Deploy.0 = Release|Any CPU
		{70B1E8EF-1383-42BD-8855-0EC9D38D0E9A}.Ad-Hoc|x86.ActiveCfg = Release|Any CPU
		{70B1E8EF-1383-42BD-8855-0EC9D38D0E9A}.Ad-Hoc|x86.Build.0 = Release|Any CPU
		{70B1E8EF-1383-42BD-8855-0EC9D38D0E9A}.Ad-Hoc|x86.Deploy.0 = Release|Any CPU
		{70B1E8EF-1383-42BD-8855-0EC9D38D0E9A}.AppStore|Any CPU.ActiveCfg = Release|Any CPU
		{70B1E8EF-1383-42BD-8855-0EC9D38D0E9A}.AppStore|Any CPU.Build.0 = Release|Any CPU
		{70B1E8EF-1383-42BD-8855-0EC9D38D0E9A}.AppStore|Any CPU.Deploy.0 = Release|Any CPU
		{70B1E8EF-1383-42BD-8855-0EC9D38D0E9A}.AppStore|ARM.ActiveCfg = Release|Any CPU
		{70B1E8EF-1383-42BD-8855-0EC9D38D0E9A}.AppStore|ARM.Build.0 = Release|Any CPU
		{70B1E8EF-1383-42BD-8855-0EC9D38D0E9A}.AppStore|ARM.Deploy.0 = Release|Any CPU
		{70B1E8EF-1383-42BD-8855-0EC9D38D0E9A}.AppStore|iPhone.ActiveCfg = Release|Any CPU
		{70B1E8EF-1383-42BD-8855-0EC9D38D0E9A}.AppStore|iPhone.Build.0 = Release|Any CPU
		{70B1E8EF-1383-42BD-8855-0EC9D38D0E9A}.AppStore|iPhone.Deploy.0 = Release|Any CPU
		{70B1E8EF-1383-42BD-8855-0EC9D38D0E9A}.AppStore|iPhoneSimulator.ActiveCfg = Release|Any CPU
		{70B1E8EF-1383-42BD-8855-0EC9D38D0E9A}.AppStore|iPhoneSimulator.Build.0 = Release|Any CPU
		{70B1E8EF-1383-42BD-8855-0EC9D38D0E9A}.AppStore|iPhoneSimulator.Deploy.0 = Release|Any CPU
		{70B1E8EF-1383-42BD-8855-0EC9D38D0E9A}.AppStore|x64.ActiveCfg = Release|Any CPU
		{70B1E8EF-1383-42BD-8855-0EC9D38D0E9A}.AppStore|x64.Build.0 = Release|Any CPU
		{70B1E8EF-1383-42BD-8855-0EC9D38D0E9A}.AppStore|x64.Deploy.0 = Release|Any CPU
		{70B1E8EF-1383-42BD-8855-0EC9D38D0E9A}.AppStore|x86.ActiveCfg = Release|Any CPU
		{70B1E8EF-1383-42BD-8855-0EC9D38D0E9A}.AppStore|x86.Build.0 = Release|Any CPU
		{70B1E8EF-1383-42BD-8855-0EC9D38D0E9A}.AppStore|x86.Deploy.0 = Release|Any CPU
		{70B1E8EF-1383-42BD-8855-0EC9D38D0E9A}.Debug|Any CPU.ActiveCfg = Debug|Any CPU
		{70B1E8EF-1383-42BD-8855-0EC9D38D0E9A}.Debug|Any CPU.Build.0 = Debug|Any CPU
		{70B1E8EF-1383-42BD-8855-0EC9D38D0E9A}.Debug|Any CPU.Deploy.0 = Debug|Any CPU
		{70B1E8EF-1383-42BD-8855-0EC9D38D0E9A}.Debug|ARM.ActiveCfg = Debug|Any CPU
		{70B1E8EF-1383-42BD-8855-0EC9D38D0E9A}.Debug|ARM.Build.0 = Debug|Any CPU
		{70B1E8EF-1383-42BD-8855-0EC9D38D0E9A}.Debug|ARM.Deploy.0 = Debug|Any CPU
		{70B1E8EF-1383-42BD-8855-0EC9D38D0E9A}.Debug|iPhone.ActiveCfg = Debug|Any CPU
		{70B1E8EF-1383-42BD-8855-0EC9D38D0E9A}.Debug|iPhone.Build.0 = Debug|Any CPU
		{70B1E8EF-1383-42BD-8855-0EC9D38D0E9A}.Debug|iPhone.Deploy.0 = Debug|Any CPU
		{70B1E8EF-1383-42BD-8855-0EC9D38D0E9A}.Debug|iPhoneSimulator.ActiveCfg = Debug|Any CPU
		{70B1E8EF-1383-42BD-8855-0EC9D38D0E9A}.Debug|iPhoneSimulator.Build.0 = Debug|Any CPU
		{70B1E8EF-1383-42BD-8855-0EC9D38D0E9A}.Debug|iPhoneSimulator.Deploy.0 = Debug|Any CPU
		{70B1E8EF-1383-42BD-8855-0EC9D38D0E9A}.Debug|x64.ActiveCfg = Debug|Any CPU
		{70B1E8EF-1383-42BD-8855-0EC9D38D0E9A}.Debug|x64.Build.0 = Debug|Any CPU
		{70B1E8EF-1383-42BD-8855-0EC9D38D0E9A}.Debug|x64.Deploy.0 = Debug|Any CPU
		{70B1E8EF-1383-42BD-8855-0EC9D38D0E9A}.Debug|x86.ActiveCfg = Debug|Any CPU
		{70B1E8EF-1383-42BD-8855-0EC9D38D0E9A}.Debug|x86.Build.0 = Debug|Any CPU
		{70B1E8EF-1383-42BD-8855-0EC9D38D0E9A}.Debug|x86.Deploy.0 = Debug|Any CPU
		{70B1E8EF-1383-42BD-8855-0EC9D38D0E9A}.Release|Any CPU.ActiveCfg = Release|Any CPU
		{70B1E8EF-1383-42BD-8855-0EC9D38D0E9A}.Release|Any CPU.Build.0 = Release|Any CPU
		{70B1E8EF-1383-42BD-8855-0EC9D38D0E9A}.Release|Any CPU.Deploy.0 = Release|Any CPU
		{70B1E8EF-1383-42BD-8855-0EC9D38D0E9A}.Release|ARM.ActiveCfg = Release|Any CPU
		{70B1E8EF-1383-42BD-8855-0EC9D38D0E9A}.Release|ARM.Build.0 = Release|Any CPU
		{70B1E8EF-1383-42BD-8855-0EC9D38D0E9A}.Release|ARM.Deploy.0 = Release|Any CPU
		{70B1E8EF-1383-42BD-8855-0EC9D38D0E9A}.Release|iPhone.ActiveCfg = Release|Any CPU
		{70B1E8EF-1383-42BD-8855-0EC9D38D0E9A}.Release|iPhone.Build.0 = Release|Any CPU
		{70B1E8EF-1383-42BD-8855-0EC9D38D0E9A}.Release|iPhone.Deploy.0 = Release|Any CPU
		{70B1E8EF-1383-42BD-8855-0EC9D38D0E9A}.Release|iPhoneSimulator.ActiveCfg = Release|Any CPU
		{70B1E8EF-1383-42BD-8855-0EC9D38D0E9A}.Release|iPhoneSimulator.Build.0 = Release|Any CPU
		{70B1E8EF-1383-42BD-8855-0EC9D38D0E9A}.Release|iPhoneSimulator.Deploy.0 = Release|Any CPU
		{70B1E8EF-1383-42BD-8855-0EC9D38D0E9A}.Release|x64.ActiveCfg = Release|Any CPU
		{70B1E8EF-1383-42BD-8855-0EC9D38D0E9A}.Release|x64.Build.0 = Release|Any CPU
		{70B1E8EF-1383-42BD-8855-0EC9D38D0E9A}.Release|x64.Deploy.0 = Release|Any CPU
		{70B1E8EF-1383-42BD-8855-0EC9D38D0E9A}.Release|x86.ActiveCfg = Release|Any CPU
		{70B1E8EF-1383-42BD-8855-0EC9D38D0E9A}.Release|x86.Build.0 = Release|Any CPU
		{70B1E8EF-1383-42BD-8855-0EC9D38D0E9A}.Release|x86.Deploy.0 = Release|Any CPU
		{AE797B9C-0A60-4605-8DD4-48B8AB68BD8A}.Ad-Hoc|Any CPU.ActiveCfg = Ad-Hoc|iPhone
		{AE797B9C-0A60-4605-8DD4-48B8AB68BD8A}.Ad-Hoc|Any CPU.Build.0 = Ad-Hoc|iPhone
		{AE797B9C-0A60-4605-8DD4-48B8AB68BD8A}.Ad-Hoc|Any CPU.Deploy.0 = Ad-Hoc|iPhone
		{AE797B9C-0A60-4605-8DD4-48B8AB68BD8A}.Ad-Hoc|ARM.ActiveCfg = Ad-Hoc|iPhone
		{AE797B9C-0A60-4605-8DD4-48B8AB68BD8A}.Ad-Hoc|ARM.Build.0 = Ad-Hoc|iPhone
		{AE797B9C-0A60-4605-8DD4-48B8AB68BD8A}.Ad-Hoc|ARM.Deploy.0 = Ad-Hoc|iPhone
		{AE797B9C-0A60-4605-8DD4-48B8AB68BD8A}.Ad-Hoc|iPhone.ActiveCfg = Ad-Hoc|iPhone
		{AE797B9C-0A60-4605-8DD4-48B8AB68BD8A}.Ad-Hoc|iPhone.Build.0 = Ad-Hoc|iPhone
		{AE797B9C-0A60-4605-8DD4-48B8AB68BD8A}.Ad-Hoc|iPhone.Deploy.0 = Ad-Hoc|iPhone
		{AE797B9C-0A60-4605-8DD4-48B8AB68BD8A}.Ad-Hoc|iPhoneSimulator.ActiveCfg = Ad-Hoc|iPhoneSimulator
		{AE797B9C-0A60-4605-8DD4-48B8AB68BD8A}.Ad-Hoc|iPhoneSimulator.Build.0 = Ad-Hoc|iPhoneSimulator
		{AE797B9C-0A60-4605-8DD4-48B8AB68BD8A}.Ad-Hoc|iPhoneSimulator.Deploy.0 = Ad-Hoc|iPhoneSimulator
		{AE797B9C-0A60-4605-8DD4-48B8AB68BD8A}.Ad-Hoc|x64.ActiveCfg = Ad-Hoc|iPhone
		{AE797B9C-0A60-4605-8DD4-48B8AB68BD8A}.Ad-Hoc|x64.Build.0 = Ad-Hoc|iPhone
		{AE797B9C-0A60-4605-8DD4-48B8AB68BD8A}.Ad-Hoc|x64.Deploy.0 = Ad-Hoc|iPhone
		{AE797B9C-0A60-4605-8DD4-48B8AB68BD8A}.Ad-Hoc|x86.ActiveCfg = Ad-Hoc|iPhone
		{AE797B9C-0A60-4605-8DD4-48B8AB68BD8A}.Ad-Hoc|x86.Build.0 = Ad-Hoc|iPhone
		{AE797B9C-0A60-4605-8DD4-48B8AB68BD8A}.Ad-Hoc|x86.Deploy.0 = Ad-Hoc|iPhone
		{AE797B9C-0A60-4605-8DD4-48B8AB68BD8A}.AppStore|Any CPU.ActiveCfg = AppStore|iPhone
		{AE797B9C-0A60-4605-8DD4-48B8AB68BD8A}.AppStore|Any CPU.Build.0 = AppStore|iPhone
		{AE797B9C-0A60-4605-8DD4-48B8AB68BD8A}.AppStore|Any CPU.Deploy.0 = AppStore|iPhone
		{AE797B9C-0A60-4605-8DD4-48B8AB68BD8A}.AppStore|ARM.ActiveCfg = AppStore|iPhone
		{AE797B9C-0A60-4605-8DD4-48B8AB68BD8A}.AppStore|ARM.Build.0 = AppStore|iPhone
		{AE797B9C-0A60-4605-8DD4-48B8AB68BD8A}.AppStore|ARM.Deploy.0 = AppStore|iPhone
		{AE797B9C-0A60-4605-8DD4-48B8AB68BD8A}.AppStore|iPhone.ActiveCfg = AppStore|iPhone
		{AE797B9C-0A60-4605-8DD4-48B8AB68BD8A}.AppStore|iPhone.Build.0 = AppStore|iPhone
		{AE797B9C-0A60-4605-8DD4-48B8AB68BD8A}.AppStore|iPhone.Deploy.0 = AppStore|iPhone
		{AE797B9C-0A60-4605-8DD4-48B8AB68BD8A}.AppStore|iPhoneSimulator.ActiveCfg = AppStore|iPhoneSimulator
		{AE797B9C-0A60-4605-8DD4-48B8AB68BD8A}.AppStore|iPhoneSimulator.Build.0 = AppStore|iPhoneSimulator
		{AE797B9C-0A60-4605-8DD4-48B8AB68BD8A}.AppStore|iPhoneSimulator.Deploy.0 = AppStore|iPhoneSimulator
		{AE797B9C-0A60-4605-8DD4-48B8AB68BD8A}.AppStore|x64.ActiveCfg = AppStore|iPhone
		{AE797B9C-0A60-4605-8DD4-48B8AB68BD8A}.AppStore|x64.Build.0 = AppStore|iPhone
		{AE797B9C-0A60-4605-8DD4-48B8AB68BD8A}.AppStore|x64.Deploy.0 = AppStore|iPhone
		{AE797B9C-0A60-4605-8DD4-48B8AB68BD8A}.AppStore|x86.ActiveCfg = AppStore|iPhone
		{AE797B9C-0A60-4605-8DD4-48B8AB68BD8A}.AppStore|x86.Build.0 = AppStore|iPhone
		{AE797B9C-0A60-4605-8DD4-48B8AB68BD8A}.AppStore|x86.Deploy.0 = AppStore|iPhone
		{AE797B9C-0A60-4605-8DD4-48B8AB68BD8A}.Debug|Any CPU.ActiveCfg = Debug|iPhoneSimulator
		{AE797B9C-0A60-4605-8DD4-48B8AB68BD8A}.Debug|Any CPU.Build.0 = Debug|iPhoneSimulator
		{AE797B9C-0A60-4605-8DD4-48B8AB68BD8A}.Debug|Any CPU.Deploy.0 = Debug|iPhoneSimulator
		{AE797B9C-0A60-4605-8DD4-48B8AB68BD8A}.Debug|ARM.ActiveCfg = Debug|iPhone
		{AE797B9C-0A60-4605-8DD4-48B8AB68BD8A}.Debug|ARM.Build.0 = Debug|iPhone
		{AE797B9C-0A60-4605-8DD4-48B8AB68BD8A}.Debug|ARM.Deploy.0 = Debug|iPhone
		{AE797B9C-0A60-4605-8DD4-48B8AB68BD8A}.Debug|iPhone.ActiveCfg = Debug|iPhone
		{AE797B9C-0A60-4605-8DD4-48B8AB68BD8A}.Debug|iPhone.Build.0 = Debug|iPhone
		{AE797B9C-0A60-4605-8DD4-48B8AB68BD8A}.Debug|iPhone.Deploy.0 = Debug|iPhone
		{AE797B9C-0A60-4605-8DD4-48B8AB68BD8A}.Debug|iPhoneSimulator.ActiveCfg = Debug|iPhoneSimulator
		{AE797B9C-0A60-4605-8DD4-48B8AB68BD8A}.Debug|iPhoneSimulator.Build.0 = Debug|iPhoneSimulator
		{AE797B9C-0A60-4605-8DD4-48B8AB68BD8A}.Debug|iPhoneSimulator.Deploy.0 = Debug|iPhoneSimulator
		{AE797B9C-0A60-4605-8DD4-48B8AB68BD8A}.Debug|x64.ActiveCfg = Debug|iPhone
		{AE797B9C-0A60-4605-8DD4-48B8AB68BD8A}.Debug|x64.Build.0 = Debug|iPhone
		{AE797B9C-0A60-4605-8DD4-48B8AB68BD8A}.Debug|x64.Deploy.0 = Debug|iPhone
		{AE797B9C-0A60-4605-8DD4-48B8AB68BD8A}.Debug|x86.ActiveCfg = Debug|iPhone
		{AE797B9C-0A60-4605-8DD4-48B8AB68BD8A}.Debug|x86.Build.0 = Debug|iPhone
		{AE797B9C-0A60-4605-8DD4-48B8AB68BD8A}.Debug|x86.Deploy.0 = Debug|iPhone
		{AE797B9C-0A60-4605-8DD4-48B8AB68BD8A}.Release|Any CPU.ActiveCfg = Release|iPhone
		{AE797B9C-0A60-4605-8DD4-48B8AB68BD8A}.Release|Any CPU.Build.0 = Release|iPhone
		{AE797B9C-0A60-4605-8DD4-48B8AB68BD8A}.Release|Any CPU.Deploy.0 = Release|iPhone
		{AE797B9C-0A60-4605-8DD4-48B8AB68BD8A}.Release|ARM.ActiveCfg = Release|iPhone
		{AE797B9C-0A60-4605-8DD4-48B8AB68BD8A}.Release|ARM.Build.0 = Release|iPhone
		{AE797B9C-0A60-4605-8DD4-48B8AB68BD8A}.Release|ARM.Deploy.0 = Release|iPhone
		{AE797B9C-0A60-4605-8DD4-48B8AB68BD8A}.Release|iPhone.ActiveCfg = Release|iPhone
		{AE797B9C-0A60-4605-8DD4-48B8AB68BD8A}.Release|iPhone.Build.0 = Release|iPhone
		{AE797B9C-0A60-4605-8DD4-48B8AB68BD8A}.Release|iPhone.Deploy.0 = Release|iPhone
		{AE797B9C-0A60-4605-8DD4-48B8AB68BD8A}.Release|iPhoneSimulator.ActiveCfg = Release|iPhoneSimulator
		{AE797B9C-0A60-4605-8DD4-48B8AB68BD8A}.Release|iPhoneSimulator.Build.0 = Release|iPhoneSimulator
		{AE797B9C-0A60-4605-8DD4-48B8AB68BD8A}.Release|iPhoneSimulator.Deploy.0 = Release|iPhoneSimulator
		{AE797B9C-0A60-4605-8DD4-48B8AB68BD8A}.Release|x64.ActiveCfg = Release|iPhone
		{AE797B9C-0A60-4605-8DD4-48B8AB68BD8A}.Release|x64.Build.0 = Release|iPhone
		{AE797B9C-0A60-4605-8DD4-48B8AB68BD8A}.Release|x64.Deploy.0 = Release|iPhone
		{AE797B9C-0A60-4605-8DD4-48B8AB68BD8A}.Release|x86.ActiveCfg = Release|iPhone
		{AE797B9C-0A60-4605-8DD4-48B8AB68BD8A}.Release|x86.Build.0 = Release|iPhone
		{AE797B9C-0A60-4605-8DD4-48B8AB68BD8A}.Release|x86.Deploy.0 = Release|iPhone
		{FDD51207-49AC-4C68-8342-2D62A04F8874}.Ad-Hoc|Any CPU.ActiveCfg = Release|x86
		{FDD51207-49AC-4C68-8342-2D62A04F8874}.Ad-Hoc|Any CPU.Build.0 = Release|x86
		{FDD51207-49AC-4C68-8342-2D62A04F8874}.Ad-Hoc|Any CPU.Deploy.0 = Release|x86
		{FDD51207-49AC-4C68-8342-2D62A04F8874}.Ad-Hoc|ARM.ActiveCfg = Release|ARM
		{FDD51207-49AC-4C68-8342-2D62A04F8874}.Ad-Hoc|ARM.Build.0 = Release|ARM
		{FDD51207-49AC-4C68-8342-2D62A04F8874}.Ad-Hoc|ARM.Deploy.0 = Release|ARM
		{FDD51207-49AC-4C68-8342-2D62A04F8874}.Ad-Hoc|iPhone.ActiveCfg = Release|x86
		{FDD51207-49AC-4C68-8342-2D62A04F8874}.Ad-Hoc|iPhone.Build.0 = Release|x86
		{FDD51207-49AC-4C68-8342-2D62A04F8874}.Ad-Hoc|iPhone.Deploy.0 = Release|x86
		{FDD51207-49AC-4C68-8342-2D62A04F8874}.Ad-Hoc|iPhoneSimulator.ActiveCfg = Release|x86
		{FDD51207-49AC-4C68-8342-2D62A04F8874}.Ad-Hoc|iPhoneSimulator.Build.0 = Release|x86
		{FDD51207-49AC-4C68-8342-2D62A04F8874}.Ad-Hoc|iPhoneSimulator.Deploy.0 = Release|x86
		{FDD51207-49AC-4C68-8342-2D62A04F8874}.Ad-Hoc|x64.ActiveCfg = Release|x64
		{FDD51207-49AC-4C68-8342-2D62A04F8874}.Ad-Hoc|x64.Build.0 = Release|x64
		{FDD51207-49AC-4C68-8342-2D62A04F8874}.Ad-Hoc|x64.Deploy.0 = Release|x64
		{FDD51207-49AC-4C68-8342-2D62A04F8874}.Ad-Hoc|x86.ActiveCfg = Release|x86
		{FDD51207-49AC-4C68-8342-2D62A04F8874}.Ad-Hoc|x86.Build.0 = Release|x86
		{FDD51207-49AC-4C68-8342-2D62A04F8874}.Ad-Hoc|x86.Deploy.0 = Release|x86
		{FDD51207-49AC-4C68-8342-2D62A04F8874}.AppStore|Any CPU.ActiveCfg = Release|x86
		{FDD51207-49AC-4C68-8342-2D62A04F8874}.AppStore|Any CPU.Build.0 = Release|x86
		{FDD51207-49AC-4C68-8342-2D62A04F8874}.AppStore|Any CPU.Deploy.0 = Release|x86
		{FDD51207-49AC-4C68-8342-2D62A04F8874}.AppStore|ARM.ActiveCfg = Release|ARM
		{FDD51207-49AC-4C68-8342-2D62A04F8874}.AppStore|ARM.Build.0 = Release|ARM
		{FDD51207-49AC-4C68-8342-2D62A04F8874}.AppStore|ARM.Deploy.0 = Release|ARM
		{FDD51207-49AC-4C68-8342-2D62A04F8874}.AppStore|iPhone.ActiveCfg = Release|x86
		{FDD51207-49AC-4C68-8342-2D62A04F8874}.AppStore|iPhone.Build.0 = Release|x86
		{FDD51207-49AC-4C68-8342-2D62A04F8874}.AppStore|iPhone.Deploy.0 = Release|x86
		{FDD51207-49AC-4C68-8342-2D62A04F8874}.AppStore|iPhoneSimulator.ActiveCfg = Release|x86
		{FDD51207-49AC-4C68-8342-2D62A04F8874}.AppStore|iPhoneSimulator.Build.0 = Release|x86
		{FDD51207-49AC-4C68-8342-2D62A04F8874}.AppStore|iPhoneSimulator.Deploy.0 = Release|x86
		{FDD51207-49AC-4C68-8342-2D62A04F8874}.AppStore|x64.ActiveCfg = Release|x64
		{FDD51207-49AC-4C68-8342-2D62A04F8874}.AppStore|x64.Build.0 = Release|x64
		{FDD51207-49AC-4C68-8342-2D62A04F8874}.AppStore|x64.Deploy.0 = Release|x64
		{FDD51207-49AC-4C68-8342-2D62A04F8874}.AppStore|x86.ActiveCfg = Release|x86
		{FDD51207-49AC-4C68-8342-2D62A04F8874}.AppStore|x86.Build.0 = Release|x86
		{FDD51207-49AC-4C68-8342-2D62A04F8874}.AppStore|x86.Deploy.0 = Release|x86
		{FDD51207-49AC-4C68-8342-2D62A04F8874}.Debug|Any CPU.ActiveCfg = Debug|x86
		{FDD51207-49AC-4C68-8342-2D62A04F8874}.Debug|Any CPU.Build.0 = Debug|x86
		{FDD51207-49AC-4C68-8342-2D62A04F8874}.Debug|Any CPU.Deploy.0 = Debug|x86
		{FDD51207-49AC-4C68-8342-2D62A04F8874}.Debug|ARM.ActiveCfg = Debug|ARM
		{FDD51207-49AC-4C68-8342-2D62A04F8874}.Debug|ARM.Build.0 = Debug|ARM
		{FDD51207-49AC-4C68-8342-2D62A04F8874}.Debug|ARM.Deploy.0 = Debug|ARM
		{FDD51207-49AC-4C68-8342-2D62A04F8874}.Debug|iPhone.ActiveCfg = Debug|x86
		{FDD51207-49AC-4C68-8342-2D62A04F8874}.Debug|iPhone.Build.0 = Debug|x86
		{FDD51207-49AC-4C68-8342-2D62A04F8874}.Debug|iPhone.Deploy.0 = Debug|x86
		{FDD51207-49AC-4C68-8342-2D62A04F8874}.Debug|iPhoneSimulator.ActiveCfg = Debug|x86
		{FDD51207-49AC-4C68-8342-2D62A04F8874}.Debug|iPhoneSimulator.Build.0 = Debug|x86
		{FDD51207-49AC-4C68-8342-2D62A04F8874}.Debug|iPhoneSimulator.Deploy.0 = Debug|x86
		{FDD51207-49AC-4C68-8342-2D62A04F8874}.Debug|x64.ActiveCfg = Debug|x64
		{FDD51207-49AC-4C68-8342-2D62A04F8874}.Debug|x64.Build.0 = Debug|x64
		{FDD51207-49AC-4C68-8342-2D62A04F8874}.Debug|x64.Deploy.0 = Debug|x64
		{FDD51207-49AC-4C68-8342-2D62A04F8874}.Debug|x86.ActiveCfg = Debug|x86
		{FDD51207-49AC-4C68-8342-2D62A04F8874}.Debug|x86.Build.0 = Debug|x86
		{FDD51207-49AC-4C68-8342-2D62A04F8874}.Debug|x86.Deploy.0 = Debug|x86
		{FDD51207-49AC-4C68-8342-2D62A04F8874}.Release|Any CPU.ActiveCfg = Release|x86
		{FDD51207-49AC-4C68-8342-2D62A04F8874}.Release|Any CPU.Build.0 = Release|x86
		{FDD51207-49AC-4C68-8342-2D62A04F8874}.Release|Any CPU.Deploy.0 = Release|x86
		{FDD51207-49AC-4C68-8342-2D62A04F8874}.Release|ARM.ActiveCfg = Release|ARM
		{FDD51207-49AC-4C68-8342-2D62A04F8874}.Release|ARM.Build.0 = Release|ARM
		{FDD51207-49AC-4C68-8342-2D62A04F8874}.Release|ARM.Deploy.0 = Release|ARM
		{FDD51207-49AC-4C68-8342-2D62A04F8874}.Release|iPhone.ActiveCfg = Release|x86
		{FDD51207-49AC-4C68-8342-2D62A04F8874}.Release|iPhone.Build.0 = Release|x86
		{FDD51207-49AC-4C68-8342-2D62A04F8874}.Release|iPhone.Deploy.0 = Release|x86
		{FDD51207-49AC-4C68-8342-2D62A04F8874}.Release|iPhoneSimulator.ActiveCfg = Release|x86
		{FDD51207-49AC-4C68-8342-2D62A04F8874}.Release|iPhoneSimulator.Build.0 = Release|x86
		{FDD51207-49AC-4C68-8342-2D62A04F8874}.Release|iPhoneSimulator.Deploy.0 = Release|x86
		{FDD51207-49AC-4C68-8342-2D62A04F8874}.Release|x64.ActiveCfg = Release|x64
		{FDD51207-49AC-4C68-8342-2D62A04F8874}.Release|x64.Build.0 = Release|x64
		{FDD51207-49AC-4C68-8342-2D62A04F8874}.Release|x64.Deploy.0 = Release|x64
		{FDD51207-49AC-4C68-8342-2D62A04F8874}.Release|x86.ActiveCfg = Release|x86
		{FDD51207-49AC-4C68-8342-2D62A04F8874}.Release|x86.Build.0 = Release|x86
		{FDD51207-49AC-4C68-8342-2D62A04F8874}.Release|x86.Deploy.0 = Release|x86
		{53F82C80-8BF7-4EE1-A68E-B6C7FE79EC4E}.Ad-Hoc|Any CPU.ActiveCfg = Debug|Any CPU
		{53F82C80-8BF7-4EE1-A68E-B6C7FE79EC4E}.Ad-Hoc|Any CPU.Build.0 = Debug|Any CPU
		{53F82C80-8BF7-4EE1-A68E-B6C7FE79EC4E}.Ad-Hoc|Any CPU.Deploy.0 = Debug|Any CPU
		{53F82C80-8BF7-4EE1-A68E-B6C7FE79EC4E}.Ad-Hoc|ARM.ActiveCfg = Debug|Any CPU
		{53F82C80-8BF7-4EE1-A68E-B6C7FE79EC4E}.Ad-Hoc|ARM.Build.0 = Debug|Any CPU
		{53F82C80-8BF7-4EE1-A68E-B6C7FE79EC4E}.Ad-Hoc|ARM.Deploy.0 = Debug|Any CPU
		{53F82C80-8BF7-4EE1-A68E-B6C7FE79EC4E}.Ad-Hoc|iPhone.ActiveCfg = Debug|Any CPU
		{53F82C80-8BF7-4EE1-A68E-B6C7FE79EC4E}.Ad-Hoc|iPhone.Build.0 = Debug|Any CPU
		{53F82C80-8BF7-4EE1-A68E-B6C7FE79EC4E}.Ad-Hoc|iPhone.Deploy.0 = Debug|Any CPU
		{53F82C80-8BF7-4EE1-A68E-B6C7FE79EC4E}.Ad-Hoc|iPhoneSimulator.ActiveCfg = Debug|Any CPU
		{53F82C80-8BF7-4EE1-A68E-B6C7FE79EC4E}.Ad-Hoc|iPhoneSimulator.Build.0 = Debug|Any CPU
		{53F82C80-8BF7-4EE1-A68E-B6C7FE79EC4E}.Ad-Hoc|iPhoneSimulator.Deploy.0 = Debug|Any CPU
		{53F82C80-8BF7-4EE1-A68E-B6C7FE79EC4E}.Ad-Hoc|x64.ActiveCfg = Debug|Any CPU
		{53F82C80-8BF7-4EE1-A68E-B6C7FE79EC4E}.Ad-Hoc|x64.Build.0 = Debug|Any CPU
		{53F82C80-8BF7-4EE1-A68E-B6C7FE79EC4E}.Ad-Hoc|x64.Deploy.0 = Debug|Any CPU
		{53F82C80-8BF7-4EE1-A68E-B6C7FE79EC4E}.Ad-Hoc|x86.ActiveCfg = Debug|Any CPU
		{53F82C80-8BF7-4EE1-A68E-B6C7FE79EC4E}.Ad-Hoc|x86.Build.0 = Debug|Any CPU
		{53F82C80-8BF7-4EE1-A68E-B6C7FE79EC4E}.Ad-Hoc|x86.Deploy.0 = Debug|Any CPU
		{53F82C80-8BF7-4EE1-A68E-B6C7FE79EC4E}.AppStore|Any CPU.ActiveCfg = Debug|Any CPU
		{53F82C80-8BF7-4EE1-A68E-B6C7FE79EC4E}.AppStore|Any CPU.Build.0 = Debug|Any CPU
		{53F82C80-8BF7-4EE1-A68E-B6C7FE79EC4E}.AppStore|Any CPU.Deploy.0 = Debug|Any CPU
		{53F82C80-8BF7-4EE1-A68E-B6C7FE79EC4E}.AppStore|ARM.ActiveCfg = Debug|Any CPU
		{53F82C80-8BF7-4EE1-A68E-B6C7FE79EC4E}.AppStore|ARM.Build.0 = Debug|Any CPU
		{53F82C80-8BF7-4EE1-A68E-B6C7FE79EC4E}.AppStore|ARM.Deploy.0 = Debug|Any CPU
		{53F82C80-8BF7-4EE1-A68E-B6C7FE79EC4E}.AppStore|iPhone.ActiveCfg = Debug|Any CPU
		{53F82C80-8BF7-4EE1-A68E-B6C7FE79EC4E}.AppStore|iPhone.Build.0 = Debug|Any CPU
		{53F82C80-8BF7-4EE1-A68E-B6C7FE79EC4E}.AppStore|iPhone.Deploy.0 = Debug|Any CPU
		{53F82C80-8BF7-4EE1-A68E-B6C7FE79EC4E}.AppStore|iPhoneSimulator.ActiveCfg = Debug|Any CPU
		{53F82C80-8BF7-4EE1-A68E-B6C7FE79EC4E}.AppStore|iPhoneSimulator.Build.0 = Debug|Any CPU
		{53F82C80-8BF7-4EE1-A68E-B6C7FE79EC4E}.AppStore|iPhoneSimulator.Deploy.0 = Debug|Any CPU
		{53F82C80-8BF7-4EE1-A68E-B6C7FE79EC4E}.AppStore|x64.ActiveCfg = Debug|Any CPU
		{53F82C80-8BF7-4EE1-A68E-B6C7FE79EC4E}.AppStore|x64.Build.0 = Debug|Any CPU
		{53F82C80-8BF7-4EE1-A68E-B6C7FE79EC4E}.AppStore|x64.Deploy.0 = Debug|Any CPU
		{53F82C80-8BF7-4EE1-A68E-B6C7FE79EC4E}.AppStore|x86.ActiveCfg = Debug|Any CPU
		{53F82C80-8BF7-4EE1-A68E-B6C7FE79EC4E}.AppStore|x86.Build.0 = Debug|Any CPU
		{53F82C80-8BF7-4EE1-A68E-B6C7FE79EC4E}.AppStore|x86.Deploy.0 = Debug|Any CPU
		{53F82C80-8BF7-4EE1-A68E-B6C7FE79EC4E}.Debug|Any CPU.ActiveCfg = Debug|Any CPU
		{53F82C80-8BF7-4EE1-A68E-B6C7FE79EC4E}.Debug|Any CPU.Build.0 = Debug|Any CPU
		{53F82C80-8BF7-4EE1-A68E-B6C7FE79EC4E}.Debug|Any CPU.Deploy.0 = Debug|Any CPU
		{53F82C80-8BF7-4EE1-A68E-B6C7FE79EC4E}.Debug|ARM.ActiveCfg = Debug|Any CPU
		{53F82C80-8BF7-4EE1-A68E-B6C7FE79EC4E}.Debug|ARM.Build.0 = Debug|Any CPU
		{53F82C80-8BF7-4EE1-A68E-B6C7FE79EC4E}.Debug|ARM.Deploy.0 = Debug|Any CPU
		{53F82C80-8BF7-4EE1-A68E-B6C7FE79EC4E}.Debug|iPhone.ActiveCfg = Debug|Any CPU
		{53F82C80-8BF7-4EE1-A68E-B6C7FE79EC4E}.Debug|iPhone.Build.0 = Debug|Any CPU
		{53F82C80-8BF7-4EE1-A68E-B6C7FE79EC4E}.Debug|iPhone.Deploy.0 = Debug|Any CPU
		{53F82C80-8BF7-4EE1-A68E-B6C7FE79EC4E}.Debug|iPhoneSimulator.ActiveCfg = Debug|Any CPU
		{53F82C80-8BF7-4EE1-A68E-B6C7FE79EC4E}.Debug|iPhoneSimulator.Build.0 = Debug|Any CPU
		{53F82C80-8BF7-4EE1-A68E-B6C7FE79EC4E}.Debug|iPhoneSimulator.Deploy.0 = Debug|Any CPU
		{53F82C80-8BF7-4EE1-A68E-B6C7FE79EC4E}.Debug|x64.ActiveCfg = Debug|Any CPU
		{53F82C80-8BF7-4EE1-A68E-B6C7FE79EC4E}.Debug|x64.Build.0 = Debug|Any CPU
		{53F82C80-8BF7-4EE1-A68E-B6C7FE79EC4E}.Debug|x64.Deploy.0 = Debug|Any CPU
		{53F82C80-8BF7-4EE1-A68E-B6C7FE79EC4E}.Debug|x86.ActiveCfg = Debug|Any CPU
		{53F82C80-8BF7-4EE1-A68E-B6C7FE79EC4E}.Debug|x86.Build.0 = Debug|Any CPU
		{53F82C80-8BF7-4EE1-A68E-B6C7FE79EC4E}.Debug|x86.Deploy.0 = Debug|Any CPU
		{53F82C80-8BF7-4EE1-A68E-B6C7FE79EC4E}.Release|Any CPU.ActiveCfg = Release|Any CPU
		{53F82C80-8BF7-4EE1-A68E-B6C7FE79EC4E}.Release|Any CPU.Build.0 = Release|Any CPU
		{53F82C80-8BF7-4EE1-A68E-B6C7FE79EC4E}.Release|Any CPU.Deploy.0 = Release|Any CPU
		{53F82C80-8BF7-4EE1-A68E-B6C7FE79EC4E}.Release|ARM.ActiveCfg = Release|Any CPU
		{53F82C80-8BF7-4EE1-A68E-B6C7FE79EC4E}.Release|ARM.Build.0 = Release|Any CPU
		{53F82C80-8BF7-4EE1-A68E-B6C7FE79EC4E}.Release|ARM.Deploy.0 = Release|Any CPU
		{53F82C80-8BF7-4EE1-A68E-B6C7FE79EC4E}.Release|iPhone.ActiveCfg = Release|Any CPU
		{53F82C80-8BF7-4EE1-A68E-B6C7FE79EC4E}.Release|iPhone.Build.0 = Release|Any CPU
		{53F82C80-8BF7-4EE1-A68E-B6C7FE79EC4E}.Release|iPhone.Deploy.0 = Release|Any CPU
		{53F82C80-8BF7-4EE1-A68E-B6C7FE79EC4E}.Release|iPhoneSimulator.ActiveCfg = Release|Any CPU
		{53F82C80-8BF7-4EE1-A68E-B6C7FE79EC4E}.Release|iPhoneSimulator.Build.0 = Release|Any CPU
		{53F82C80-8BF7-4EE1-A68E-B6C7FE79EC4E}.Release|iPhoneSimulator.Deploy.0 = Release|Any CPU
		{53F82C80-8BF7-4EE1-A68E-B6C7FE79EC4E}.Release|x64.ActiveCfg = Release|Any CPU
		{53F82C80-8BF7-4EE1-A68E-B6C7FE79EC4E}.Release|x64.Build.0 = Release|Any CPU
		{53F82C80-8BF7-4EE1-A68E-B6C7FE79EC4E}.Release|x64.Deploy.0 = Release|Any CPU
		{53F82C80-8BF7-4EE1-A68E-B6C7FE79EC4E}.Release|x86.ActiveCfg = Release|Any CPU
		{53F82C80-8BF7-4EE1-A68E-B6C7FE79EC4E}.Release|x86.Build.0 = Release|Any CPU
		{53F82C80-8BF7-4EE1-A68E-B6C7FE79EC4E}.Release|x86.Deploy.0 = Release|Any CPU
	EndGlobalSection
	GlobalSection(SolutionProperties) = preSolution
		HideSolutionNode = FALSE
	EndGlobalSection
	GlobalSection(ExtensibilityGlobals) = postSolution
		SolutionGuid = {3881A008-0809-4AE7-96C6-C55E98A0508F}
	EndGlobalSection
EndGlobal
